
Microsoft Visual Studio Solution File, Format Version 12.00
Project("{FAE04EC0-301F-11D3-BF4B-00C04F79EFBC}") = "Nulah.AtHome.Api", "Nulah.AtHome.Api\Nulah.AtHome.Api.csproj", "{55460DAD-731E-43CF-9D83-CE494F249325}"
EndProject
Project("{FAE04EC0-301F-11D3-BF4B-00C04F79EFBC}") = "Nulah.AtHome.Data", "Nulah.AtHome.Data\Nulah.AtHome.Data.csproj", "{4295A183-2A5D-4CE0-B240-B4BC9826BEE7}"
EndProject
Project("{2150E333-8FDC-42A3-9474-1A3956D46DE8}") = "Tests", "Tests", "{78422028-D9A6-41F4-9217-9513F75AC746}"
EndProject
Project("{FAE04EC0-301F-11D3-BF4B-00C04F79EFBC}") = "Nulah.AtHome.UnitTests", "Nulah.AtHome.UnitTests\Nulah.AtHome.UnitTests.csproj", "{920AE5BE-917E-4A76-9944-BDB5288457C3}"
EndProject
Project("{FAE04EC0-301F-11D3-BF4B-00C04F79EFBC}") = "Nulah.AtHome.ComponentTests", "Nulah.AtHome.ComponentTests\Nulah.AtHome.ComponentTests.csproj", "{5BFAC833-B0C1-47E1-AA13-EA2B49B13B27}"
EndProject
Project("{2150E333-8FDC-42A3-9474-1A3956D46DE8}") = "Docker", "Docker", "{C2C3B228-5031-4556-80F9-C65A8BF94818}"
EndProject
Project("{2150E333-8FDC-42A3-9474-1A3956D46DE8}") = "Nulah.AtHome.App", "Nulah.AtHome.App", "{DEA4E50B-A3C6-43D3-8E30-1811C8FD4EA6}"
	ProjectSection(SolutionItems) = preProject
		..\..\docker\Nulah.AtHome.App\.dockerignore = ..\..\docker\Nulah.AtHome.App\.dockerignore
		..\..\docker\Nulah.AtHome.App\Dockerfile = ..\..\docker\Nulah.AtHome.App\Dockerfile
	EndProjectSection
EndProject
Project("{2150E333-8FDC-42A3-9474-1A3956D46DE8}") = "Workers", "Workers", "{79C188DD-FC0D-43EC-9870-1D172EB059CA}"
EndProject
Project("{FAE04EC0-301F-11D3-BF4B-00C04F79EFBC}") = "Nulah.AtHome.Worker", "Nulah.AtHome.Worker\Nulah.AtHome.Worker.csproj", "{FC042FA8-480B-4496-8590-1029264F807A}"
EndProject
Project("{2150E333-8FDC-42A3-9474-1A3956D46DE8}") = "Nulah.AtHome.Worker", "Nulah.AtHome.Worker", "{A45EBE75-D23E-4940-8702-C2A0DBA417B4}"
	ProjectSection(SolutionItems) = preProject
		..\..\docker\Nulah.AtHome.Worker\.dockerignore = ..\..\docker\Nulah.AtHome.Worker\.dockerignore
		..\..\docker\Nulah.AtHome.Worker\Dockerfile = ..\..\docker\Nulah.AtHome.Worker\Dockerfile
	EndProjectSection
EndProject
Global
	GlobalSection(SolutionConfigurationPlatforms) = preSolution
		Debug|Any CPU = Debug|Any CPU
		Release|Any CPU = Release|Any CPU
	EndGlobalSection
	GlobalSection(ProjectConfigurationPlatforms) = postSolution
		{55460DAD-731E-43CF-9D83-CE494F249325}.Debug|Any CPU.ActiveCfg = Debug|Any CPU
		{55460DAD-731E-43CF-9D83-CE494F249325}.Debug|Any CPU.Build.0 = Debug|Any CPU
		{55460DAD-731E-43CF-9D83-CE494F249325}.Release|Any CPU.ActiveCfg = Release|Any CPU
		{55460DAD-731E-43CF-9D83-CE494F249325}.Release|Any CPU.Build.0 = Release|Any CPU
		{4295A183-2A5D-4CE0-B240-B4BC9826BEE7}.Debug|Any CPU.ActiveCfg = Debug|Any CPU
		{4295A183-2A5D-4CE0-B240-B4BC9826BEE7}.Debug|Any CPU.Build.0 = Debug|Any CPU
		{4295A183-2A5D-4CE0-B240-B4BC9826BEE7}.Release|Any CPU.ActiveCfg = Release|Any CPU
		{4295A183-2A5D-4CE0-B240-B4BC9826BEE7}.Release|Any CPU.Build.0 = Release|Any CPU
		{920AE5BE-917E-4A76-9944-BDB5288457C3}.Debug|Any CPU.ActiveCfg = Debug|Any CPU
		{920AE5BE-917E-4A76-9944-BDB5288457C3}.Debug|Any CPU.Build.0 = Debug|Any CPU
		{920AE5BE-917E-4A76-9944-BDB5288457C3}.Release|Any CPU.ActiveCfg = Release|Any CPU
		{920AE5BE-917E-4A76-9944-BDB5288457C3}.Release|Any CPU.Build.0 = Release|Any CPU
		{5BFAC833-B0C1-47E1-AA13-EA2B49B13B27}.Debug|Any CPU.ActiveCfg = Debug|Any CPU
		{5BFAC833-B0C1-47E1-AA13-EA2B49B13B27}.Debug|Any CPU.Build.0 = Debug|Any CPU
		{5BFAC833-B0C1-47E1-AA13-EA2B49B13B27}.Release|Any CPU.ActiveCfg = Release|Any CPU
		{5BFAC833-B0C1-47E1-AA13-EA2B49B13B27}.Release|Any CPU.Build.0 = Release|Any CPU
		{FC042FA8-480B-4496-8590-1029264F807A}.Debug|Any CPU.ActiveCfg = Debug|Any CPU
		{FC042FA8-480B-4496-8590-1029264F807A}.Debug|Any CPU.Build.0 = Debug|Any CPU
		{FC042FA8-480B-4496-8590-1029264F807A}.Release|Any CPU.ActiveCfg = Release|Any CPU
		{FC042FA8-480B-4496-8590-1029264F807A}.Release|Any CPU.Build.0 = Release|Any CPU
	EndGlobalSection
	GlobalSection(NestedProjects) = preSolution
		{920AE5BE-917E-4A76-9944-BDB5288457C3} = {78422028-D9A6-41F4-9217-9513F75AC746}
		{5BFAC833-B0C1-47E1-AA13-EA2B49B13B27} = {78422028-D9A6-41F4-9217-9513F75AC746}
		{DEA4E50B-A3C6-43D3-8E30-1811C8FD4EA6} = {C2C3B228-5031-4556-80F9-C65A8BF94818}
		{FC042FA8-480B-4496-8590-1029264F807A} = {79C188DD-FC0D-43EC-9870-1D172EB059CA}
		{A45EBE75-D23E-4940-8702-C2A0DBA417B4} = {C2C3B228-5031-4556-80F9-C65A8BF94818}
	EndGlobalSection
EndGlobal
