
Microsoft Visual Studio Solution File, Format Version 12.00
Project("{FAE04EC0-301F-11D3-BF4B-00C04F79EFBC}") = "Nulah.AtHome.Api", "Nulah.AtHome.Api\Nulah.AtHome.Api.csproj", "{55460DAD-731E-43CF-9D83-CE494F249325}"
EndProject
Project("{FAE04EC0-301F-11D3-BF4B-00C04F79EFBC}") = "Nulah.AtHome.Data", "Nulah.AtHome.Data\Nulah.AtHome.Data.csproj", "{4295A183-2A5D-4CE0-B240-B4BC9826BEE7}"
EndProject
Global
	GlobalSection(SolutionConfigurationPlatforms) = preSolution
		Debug|Any CPU = Debug|Any CPU
		Release|Any CPU = Release|Any CPU
	EndGlobalSection
	GlobalSection(ProjectConfigurationPlatforms) = postSolution
		{55460DAD-731E-43CF-9D83-CE494F249325}.Debug|Any CPU.ActiveCfg = Debug|Any CPU
		{55460DAD-731E-43CF-9D83-CE494F249325}.Debug|Any CPU.Build.0 = Debug|Any CPU
		{55460DAD-731E-43CF-9D83-CE494F249325}.Release|Any CPU.ActiveCfg = Release|Any CPU
		{55460DAD-731E-43CF-9D83-CE494F249325}.Release|Any CPU.Build.0 = Release|Any CPU
		{4295A183-2A5D-4CE0-B240-B4BC9826BEE7}.Debug|Any CPU.ActiveCfg = Debug|Any CPU
		{4295A183-2A5D-4CE0-B240-B4BC9826BEE7}.Debug|Any CPU.Build.0 = Debug|Any CPU
		{4295A183-2A5D-4CE0-B240-B4BC9826BEE7}.Release|Any CPU.ActiveCfg = Release|Any CPU
		{4295A183-2A5D-4CE0-B240-B4BC9826BEE7}.Release|Any CPU.Build.0 = Release|Any CPU
	EndGlobalSection
EndGlobal
